
Microsoft Visual Studio Solution File, Format Version 11.00
# Visual Studio 2010
Project("{FAE04EC0-301F-11D3-BF4B-00C04F79EFBC}") = "NodeGraph", "NodeGraph.csproj", "{022F7D52-E7EB-5CA7-25E5-934626CBC566}"
EndProject
Project("{FAE04EC0-301F-11D3-BF4B-00C04F79EFBC}") = "Assembly-CSharp", "Assembly-CSharp.csproj", "{9401CD86-30B6-D958-A166-F22B81867247}"
EndProject
Project("{FAE04EC0-301F-11D3-BF4B-00C04F79EFBC}") = "NodeGraph.Editor", "NodeGraph.Editor.csproj", "{263FC053-F47C-7361-1138-588E1910BDF1}"
EndProject
Project("{FAE04EC0-301F-11D3-BF4B-00C04F79EFBC}") = "Assembly-CSharp-Editor", "Assembly-CSharp-Editor.csproj", "{159C9896-115F-4AEA-632A-DDCDC41D2828}"
EndProject
Project("{FAE04EC0-301F-11D3-BF4B-00C04F79EFBC}") = "Unity.2D.Sprite.Editor", "Unity.2D.Sprite.Editor.csproj", "{DAFA493E-E783-B00E-9244-FED254186C07}"
EndProject
Project("{FAE04EC0-301F-11D3-BF4B-00C04F79EFBC}") = "NodeGraph.Player", "NodeGraph.Player.csproj", "{42D024E1-29AA-9152-F542-279D32873745}"
EndProject
Project("{FAE04EC0-301F-11D3-BF4B-00C04F79EFBC}") = "Assembly-CSharp.Player", "Assembly-CSharp.Player.csproj", "{DE7E82B9-B5DF-F418-D309-398CD1E3D334}"
EndProject
Global
	GlobalSection(SolutionConfigurationPlatforms) = preSolution
		Debug|Any CPU = Debug|Any CPU
		Release|Any CPU = Release|Any CPU
	EndGlobalSection
	GlobalSection(ProjectConfigurationPlatforms) = postSolution
		{022F7D52-E7EB-5CA7-25E5-934626CBC566}.Debug|Any CPU.ActiveCfg = Debug|Any CPU
		{022F7D52-E7EB-5CA7-25E5-934626CBC566}.Debug|Any CPU.Build.0 = Debug|Any CPU
		{022F7D52-E7EB-5CA7-25E5-934626CBC566}.Release|Any CPU.ActiveCfg = Release|Any CPU
		{022F7D52-E7EB-5CA7-25E5-934626CBC566}.Release|Any CPU.Build.0 = Release|Any CPU
		{9401CD86-30B6-D958-A166-F22B81867247}.Debug|Any CPU.ActiveCfg = Debug|Any CPU
		{9401CD86-30B6-D958-A166-F22B81867247}.Debug|Any CPU.Build.0 = Debug|Any CPU
		{9401CD86-30B6-D958-A166-F22B81867247}.Release|Any CPU.ActiveCfg = Release|Any CPU
		{9401CD86-30B6-D958-A166-F22B81867247}.Release|Any CPU.Build.0 = Release|Any CPU
		{263FC053-F47C-7361-1138-588E1910BDF1}.Debug|Any CPU.ActiveCfg = Debug|Any CPU
		{263FC053-F47C-7361-1138-588E1910BDF1}.Debug|Any CPU.Build.0 = Debug|Any CPU
		{263FC053-F47C-7361-1138-588E1910BDF1}.Release|Any CPU.ActiveCfg = Release|Any CPU
		{263FC053-F47C-7361-1138-588E1910BDF1}.Release|Any CPU.Build.0 = Release|Any CPU
		{159C9896-115F-4AEA-632A-DDCDC41D2828}.Debug|Any CPU.ActiveCfg = Debug|Any CPU
		{159C9896-115F-4AEA-632A-DDCDC41D2828}.Debug|Any CPU.Build.0 = Debug|Any CPU
		{159C9896-115F-4AEA-632A-DDCDC41D2828}.Release|Any CPU.ActiveCfg = Release|Any CPU
		{159C9896-115F-4AEA-632A-DDCDC41D2828}.Release|Any CPU.Build.0 = Release|Any CPU
		{DAFA493E-E783-B00E-9244-FED254186C07}.Debug|Any CPU.ActiveCfg = Debug|Any CPU
		{DAFA493E-E783-B00E-9244-FED254186C07}.Debug|Any CPU.Build.0 = Debug|Any CPU
		{DAFA493E-E783-B00E-9244-FED254186C07}.Release|Any CPU.ActiveCfg = Release|Any CPU
		{DAFA493E-E783-B00E-9244-FED254186C07}.Release|Any CPU.Build.0 = Release|Any CPU
		{42D024E1-29AA-9152-F542-279D32873745}.Debug|Any CPU.ActiveCfg = Debug|Any CPU
		{42D024E1-29AA-9152-F542-279D32873745}.Debug|Any CPU.Build.0 = Debug|Any CPU
		{42D024E1-29AA-9152-F542-279D32873745}.Release|Any CPU.ActiveCfg = Release|Any CPU
		{42D024E1-29AA-9152-F542-279D32873745}.Release|Any CPU.Build.0 = Release|Any CPU
		{DE7E82B9-B5DF-F418-D309-398CD1E3D334}.Debug|Any CPU.ActiveCfg = Debug|Any CPU
		{DE7E82B9-B5DF-F418-D309-398CD1E3D334}.Debug|Any CPU.Build.0 = Debug|Any CPU
		{DE7E82B9-B5DF-F418-D309-398CD1E3D334}.Release|Any CPU.ActiveCfg = Release|Any CPU
		{DE7E82B9-B5DF-F418-D309-398CD1E3D334}.Release|Any CPU.Build.0 = Release|Any CPU
	EndGlobalSection
	GlobalSection(SolutionProperties) = preSolution
		HideSolutionNode = FALSE
	EndGlobalSection
EndGlobal
